
Microsoft Visual Studio Solution File, Format Version 12.00
# Visual Studio Version 17
VisualStudioVersion = 17.8.34322.80
MinimumVisualStudioVersion = 10.0.40219.1
Project("{FAE04EC0-301F-11D3-BF4B-00C04F79EFBC}") = "ArduinoDataProcessFunction", "ArduinoDataProcessFunction\ArduinoDataProcessFunction.csproj", "{7D2B89C5-C945-4B49-B806-5B2152721FB8}"
EndProject
Global
	GlobalSection(SolutionConfigurationPlatforms) = preSolution
		Debug|Any CPU = Debug|Any CPU
		Release|Any CPU = Release|Any CPU
	EndGlobalSection
	GlobalSection(ProjectConfigurationPlatforms) = postSolution
		{7D2B89C5-C945-4B49-B806-5B2152721FB8}.Debug|Any CPU.ActiveCfg = Debug|Any CPU
		{7D2B89C5-C945-4B49-B806-5B2152721FB8}.Debug|Any CPU.Build.0 = Debug|Any CPU
		{7D2B89C5-C945-4B49-B806-5B2152721FB8}.Release|Any CPU.ActiveCfg = Release|Any CPU
		{7D2B89C5-C945-4B49-B806-5B2152721FB8}.Release|Any CPU.Build.0 = Release|Any CPU
	EndGlobalSection
	GlobalSection(SolutionProperties) = preSolution
		HideSolutionNode = FALSE
	EndGlobalSection
	GlobalSection(ExtensibilityGlobals) = postSolution
		SolutionGuid = {88FE9702-0411-44EC-A174-5FB3FE19027E}
	EndGlobalSection
EndGlobal
